// !$*UTF8*$!
{
	archiveVersion = 1;
	classes = {
	};
	objectVersion = 50;
	objects = {

/* Begin PBXBuildFile section */
		227D5BF920E5643500635BA2 /* HTMLFastParseTests.m in Sources */ = {isa = PBXBuildFile; fileRef = 227D5BF820E5643500635BA2 /* HTMLFastParseTests.m */; };
		227D5C0120E5648200635BA2 /* TestData.plist in Resources */ = {isa = PBXBuildFile; fileRef = 227D5C0020E5648200635BA2 /* TestData.plist */; };
		22B9C5EB24848A3C007CAD42 /* README.md in Resources */ = {isa = PBXBuildFile; fileRef = 22B9C5EA24848A3C007CAD42 /* README.md */; };
		22C2550720E56BAD0021BF7B /* AnswerData.plist in Resources */ = {isa = PBXBuildFile; fileRef = 22C2550620E56BAD0021BF7B /* AnswerData.plist */; };
		22C2550D20E59EFB0021BF7B /* 2MB_dev_random.txt in Resources */ = {isa = PBXBuildFile; fileRef = 22C2550C20E59EFB0021BF7B /* 2MB_dev_random.txt */; };
		22C2551520E5A1260021BF7B /* main.m in Sources */ = {isa = PBXBuildFile; fileRef = 22C2551420E5A1260021BF7B /* main.m */; };
		22C2551B20E5A1620021BF7B /* FormatToAttributedStringMacOS.m in Sources */ = {isa = PBXBuildFile; fileRef = 22C2551A20E5A1620021BF7B /* FormatToAttributedStringMacOS.m */; };
		22C2551C20E5A2610021BF7B /* entities.c in Sources */ = {isa = PBXBuildFile; fileRef = 22FC446D20952D6E0044980B /* entities.c */; };
		22C2551D20E5A2610021BF7B /* C_HTML_Parser.c in Sources */ = {isa = PBXBuildFile; fileRef = 22C763F12093E5FF005B6E23 /* C_HTML_Parser.c */; };
		22C2551E20E5A2610021BF7B /* Stack.c in Sources */ = {isa = PBXBuildFile; fileRef = 22C763E32093D488005B6E23 /* Stack.c */; };
		22C2552220E7380F0021BF7B /* non_utf8_fuzzer_crash.txt in Resources */ = {isa = PBXBuildFile; fileRef = 22C2552120E7380F0021BF7B /* non_utf8_fuzzer_crash.txt */; };
		22C763CC2093CD1B005B6E23 /* AppDelegate.m in Sources */ = {isa = PBXBuildFile; fileRef = 22C763CB2093CD1B005B6E23 /* AppDelegate.m */; };
		22C763CF2093CD1B005B6E23 /* ViewController.m in Sources */ = {isa = PBXBuildFile; fileRef = 22C763CE2093CD1B005B6E23 /* ViewController.m */; };
		22C763D22093CD1B005B6E23 /* Main.storyboard in Resources */ = {isa = PBXBuildFile; fileRef = 22C763D02093CD1B005B6E23 /* Main.storyboard */; };
		22C763D42093CD1B005B6E23 /* Assets.xcassets in Resources */ = {isa = PBXBuildFile; fileRef = 22C763D32093CD1B005B6E23 /* Assets.xcassets */; };
		22C763D72093CD1B005B6E23 /* LaunchScreen.storyboard in Resources */ = {isa = PBXBuildFile; fileRef = 22C763D52093CD1B005B6E23 /* LaunchScreen.storyboard */; };
		22C763DA2093CD1B005B6E23 /* main.m in Sources */ = {isa = PBXBuildFile; fileRef = 22C763D92093CD1B005B6E23 /* main.m */; };
		22C763E52093D488005B6E23 /* Stack.c in Sources */ = {isa = PBXBuildFile; fileRef = 22C763E32093D488005B6E23 /* Stack.c */; };
		22C763F22093E5FF005B6E23 /* C_HTML_Parser.c in Sources */ = {isa = PBXBuildFile; fileRef = 22C763F12093E5FF005B6E23 /* C_HTML_Parser.c */; };
		22FC446C2094E2E20044980B /* FormatToAttributedString.m in Sources */ = {isa = PBXBuildFile; fileRef = 22FC446B2094E2E20044980B /* FormatToAttributedString.m */; };
		22FC446F20952D6E0044980B /* entities.c in Sources */ = {isa = PBXBuildFile; fileRef = 22FC446D20952D6E0044980B /* entities.c */; };
/* End PBXBuildFile section */

/* Begin PBXContainerItemProxy section */
		227D5BFB20E5643500635BA2 /* PBXContainerItemProxy */ = {
			isa = PBXContainerItemProxy;
			containerPortal = 22C763BF2093CD1B005B6E23 /* Project object */;
			proxyType = 1;
			remoteGlobalIDString = 22C763C62093CD1B005B6E23;
			remoteInfo = HTMLFastParse;
		};
/* End PBXContainerItemProxy section */

/* Begin PBXCopyFilesBuildPhase section */
		22C2551020E5A1260021BF7B /* CopyFiles */ = {
			isa = PBXCopyFilesBuildPhase;
			buildActionMask = 2147483647;
			dstPath = /usr/share/man/man1/;
			dstSubfolderSpec = 0;
			files = (
			);
			runOnlyForDeploymentPostprocessing = 1;
		};
/* End PBXCopyFilesBuildPhase section */

/* Begin PBXFileReference section */
		227D5BF620E5643500635BA2 /* HTMLFastParseDemoTests.xctest */ = {isa = PBXFileReference; explicitFileType = wrapper.cfbundle; includeInIndex = 0; path = HTMLFastParseDemoTests.xctest; sourceTree = BUILT_PRODUCTS_DIR; };
		227D5BF820E5643500635BA2 /* HTMLFastParseTests.m */ = {isa = PBXFileReference; lastKnownFileType = sourcecode.c.objc; path = HTMLFastParseTests.m; sourceTree = "<group>"; };
		227D5BFA20E5643500635BA2 /* Info.plist */ = {isa = PBXFileReference; lastKnownFileType = text.plist.xml; path = Info.plist; sourceTree = "<group>"; };
		227D5C0020E5648200635BA2 /* TestData.plist */ = {isa = PBXFileReference; lastKnownFileType = text.plist.xml; path = TestData.plist; sourceTree = "<group>"; };
		22B9C5EA24848A3C007CAD42 /* README.md */ = {isa = PBXFileReference; fileEncoding = 4; lastKnownFileType = net.daringfireball.markdown; path = README.md; sourceTree = "<group>"; };
		22C2550620E56BAD0021BF7B /* AnswerData.plist */ = {isa = PBXFileReference; lastKnownFileType = text.plist.xml; path = AnswerData.plist; sourceTree = "<group>"; };
		22C2550C20E59EFB0021BF7B /* 2MB_dev_random.txt */ = {isa = PBXFileReference; fileEncoding = 4; lastKnownFileType = text; path = 2MB_dev_random.txt; sourceTree = "<group>"; };
		22C2551220E5A1260021BF7B /* HTMLFastParseDemoFuzzingCli */ = {isa = PBXFileReference; explicitFileType = "compiled.mach-o.executable"; includeInIndex = 0; path = HTMLFastParseDemoFuzzingCli; sourceTree = BUILT_PRODUCTS_DIR; };
		22C2551420E5A1260021BF7B /* main.m */ = {isa = PBXFileReference; lastKnownFileType = sourcecode.c.objc; path = main.m; sourceTree = "<group>"; };
		22C2551920E5A1620021BF7B /* FormatToAttributedStringMacOS.h */ = {isa = PBXFileReference; lastKnownFileType = sourcecode.c.h; path = FormatToAttributedStringMacOS.h; sourceTree = "<group>"; };
		22C2551A20E5A1620021BF7B /* FormatToAttributedStringMacOS.m */ = {isa = PBXFileReference; lastKnownFileType = sourcecode.c.objc; path = FormatToAttributedStringMacOS.m; sourceTree = "<group>"; };
		22C2552120E7380F0021BF7B /* non_utf8_fuzzer_crash.txt */ = {isa = PBXFileReference; fileEncoding = 4; lastKnownFileType = text; path = non_utf8_fuzzer_crash.txt; sourceTree = "<group>"; };
		22C763C72093CD1B005B6E23 /* HTMLFastParseDemo.app */ = {isa = PBXFileReference; explicitFileType = wrapper.application; includeInIndex = 0; path = HTMLFastParseDemo.app; sourceTree = BUILT_PRODUCTS_DIR; };
		22C763CA2093CD1B005B6E23 /* AppDelegate.h */ = {isa = PBXFileReference; lastKnownFileType = sourcecode.c.h; path = AppDelegate.h; sourceTree = "<group>"; };
		22C763CB2093CD1B005B6E23 /* AppDelegate.m */ = {isa = PBXFileReference; lastKnownFileType = sourcecode.c.objc; path = AppDelegate.m; sourceTree = "<group>"; };
		22C763CD2093CD1B005B6E23 /* ViewController.h */ = {isa = PBXFileReference; lastKnownFileType = sourcecode.c.h; path = ViewController.h; sourceTree = "<group>"; };
		22C763CE2093CD1B005B6E23 /* ViewController.m */ = {isa = PBXFileReference; lastKnownFileType = sourcecode.c.objc; path = ViewController.m; sourceTree = "<group>"; };
		22C763D12093CD1B005B6E23 /* Base */ = {isa = PBXFileReference; lastKnownFileType = file.storyboard; name = Base; path = Base.lproj/Main.storyboard; sourceTree = "<group>"; };
		22C763D32093CD1B005B6E23 /* Assets.xcassets */ = {isa = PBXFileReference; lastKnownFileType = folder.assetcatalog; path = Assets.xcassets; sourceTree = "<group>"; };
		22C763D62093CD1B005B6E23 /* Base */ = {isa = PBXFileReference; lastKnownFileType = file.storyboard; name = Base; path = Base.lproj/LaunchScreen.storyboard; sourceTree = "<group>"; };
		22C763D82093CD1B005B6E23 /* Info.plist */ = {isa = PBXFileReference; lastKnownFileType = text.plist.xml; path = Info.plist; sourceTree = "<group>"; };
		22C763D92093CD1B005B6E23 /* main.m */ = {isa = PBXFileReference; lastKnownFileType = sourcecode.c.objc; path = main.m; sourceTree = "<group>"; };
		22C763E32093D488005B6E23 /* Stack.c */ = {isa = PBXFileReference; fileEncoding = 4; lastKnownFileType = sourcecode.c.c; path = Stack.c; sourceTree = "<group>"; };
		22C763E42093D488005B6E23 /* Stack.h */ = {isa = PBXFileReference; fileEncoding = 4; lastKnownFileType = sourcecode.c.h; path = Stack.h; sourceTree = "<group>"; };
		22C763E62093D4A5005B6E23 /* t_tag.h */ = {isa = PBXFileReference; lastKnownFileType = sourcecode.c.h; path = t_tag.h; sourceTree = "<group>"; };
		22C763F02093E5FF005B6E23 /* C_HTML_Parser.h */ = {isa = PBXFileReference; lastKnownFileType = sourcecode.c.h; path = C_HTML_Parser.h; sourceTree = "<group>"; };
		22C763F12093E5FF005B6E23 /* C_HTML_Parser.c */ = {isa = PBXFileReference; lastKnownFileType = sourcecode.c.c; path = C_HTML_Parser.c; sourceTree = "<group>"; };
		22DD387520942E70009ECE24 /* t_format.h */ = {isa = PBXFileReference; lastKnownFileType = sourcecode.c.h; path = t_format.h; sourceTree = "<group>"; };
		22FC446A2094E2E20044980B /* FormatToAttributedString.h */ = {isa = PBXFileReference; lastKnownFileType = sourcecode.c.h; path = FormatToAttributedString.h; sourceTree = "<group>"; };
		22FC446B2094E2E20044980B /* FormatToAttributedString.m */ = {isa = PBXFileReference; lastKnownFileType = sourcecode.c.objc; path = FormatToAttributedString.m; sourceTree = "<group>"; };
		22FC446D20952D6E0044980B /* entities.c */ = {isa = PBXFileReference; fileEncoding = 4; lastKnownFileType = sourcecode.c.c; path = entities.c; sourceTree = "<group>"; };
		22FC446E20952D6E0044980B /* entities.h */ = {isa = PBXFileReference; fileEncoding = 4; lastKnownFileType = sourcecode.c.h; path = entities.h; sourceTree = "<group>"; };
/* End PBXFileReference section */

/* Begin PBXFrameworksBuildPhase section */
		227D5BF320E5643500635BA2 /* Frameworks */ = {
			isa = PBXFrameworksBuildPhase;
			buildActionMask = 2147483647;
			files = (
			);
			runOnlyForDeploymentPostprocessing = 0;
		};
		22C2550F20E5A1260021BF7B /* Frameworks */ = {
			isa = PBXFrameworksBuildPhase;
			buildActionMask = 2147483647;
			files = (
			);
			runOnlyForDeploymentPostprocessing = 0;
		};
		22C763C42093CD1B005B6E23 /* Frameworks */ = {
			isa = PBXFrameworksBuildPhase;
			buildActionMask = 2147483647;
			files = (
			);
			runOnlyForDeploymentPostprocessing = 0;
		};
/* End PBXFrameworksBuildPhase section */

/* Begin PBXGroup section */
		227D5BF720E5643500635BA2 /* HTMLFastParseTests */ = {
			isa = PBXGroup;
			children = (
				22C2552120E7380F0021BF7B /* non_utf8_fuzzer_crash.txt */,
				22C2550C20E59EFB0021BF7B /* 2MB_dev_random.txt */,
				227D5BF820E5643500635BA2 /* HTMLFastParseTests.m */,
				227D5BFA20E5643500635BA2 /* Info.plist */,
				227D5C0020E5648200635BA2 /* TestData.plist */,
				22C2550620E56BAD0021BF7B /* AnswerData.plist */,
			);
			path = HTMLFastParseTests;
			sourceTree = "<group>";
		};
		22C2551320E5A1260021BF7B /* HTMLFastParseFuzzingCli */ = {
			isa = PBXGroup;
			children = (
				22C2551420E5A1260021BF7B /* main.m */,
				22C2551920E5A1620021BF7B /* FormatToAttributedStringMacOS.h */,
				22C2551A20E5A1620021BF7B /* FormatToAttributedStringMacOS.m */,
			);
			path = HTMLFastParseFuzzingCli;
			sourceTree = "<group>";
		};
		22C763BE2093CD1B005B6E23 = {
			isa = PBXGroup;
			children = (
				22B9C5EA24848A3C007CAD42 /* README.md */,
				22C763F42093E614005B6E23 /* HTMLFastParse */,
				22C763C92093CD1B005B6E23 /* HTMLFastParseDemo */,
				227D5BF720E5643500635BA2 /* HTMLFastParseTests */,
				22C2551320E5A1260021BF7B /* HTMLFastParseFuzzingCli */,
				22C763C82093CD1B005B6E23 /* Products */,
			);
			sourceTree = "<group>";
		};
		22C763C82093CD1B005B6E23 /* Products */ = {
			isa = PBXGroup;
			children = (
				22C763C72093CD1B005B6E23 /* HTMLFastParseDemo.app */,
				227D5BF620E5643500635BA2 /* HTMLFastParseDemoTests.xctest */,
				22C2551220E5A1260021BF7B /* HTMLFastParseDemoFuzzingCli */,
			);
			name = Products;
			sourceTree = "<group>";
		};
		22C763C92093CD1B005B6E23 /* HTMLFastParseDemo */ = {
			isa = PBXGroup;
			children = (
				22C763CA2093CD1B005B6E23 /* AppDelegate.h */,
				22C763CB2093CD1B005B6E23 /* AppDelegate.m */,
				22C763CD2093CD1B005B6E23 /* ViewController.h */,
				22C763CE2093CD1B005B6E23 /* ViewController.m */,
				22C763D02093CD1B005B6E23 /* Main.storyboard */,
				22C763D32093CD1B005B6E23 /* Assets.xcassets */,
				22C763D52093CD1B005B6E23 /* LaunchScreen.storyboard */,
				22C763D82093CD1B005B6E23 /* Info.plist */,
				22C763D92093CD1B005B6E23 /* main.m */,
			);
			path = HTMLFastParseDemo;
			sourceTree = "<group>";
		};
		22C763F42093E614005B6E23 /* HTMLFastParse */ = {
			isa = PBXGroup;
			children = (
				22FC446D20952D6E0044980B /* entities.c */,
				22FC446E20952D6E0044980B /* entities.h */,
				22C763F02093E5FF005B6E23 /* C_HTML_Parser.h */,
				22C763F12093E5FF005B6E23 /* C_HTML_Parser.c */,
				22C763E62093D4A5005B6E23 /* t_tag.h */,
				22DD387520942E70009ECE24 /* t_format.h */,
				22C763E32093D488005B6E23 /* Stack.c */,
				22C763E42093D488005B6E23 /* Stack.h */,
				22FC446A2094E2E20044980B /* FormatToAttributedString.h */,
				22FC446B2094E2E20044980B /* FormatToAttributedString.m */,
			);
			path = HTMLFastParse;
			sourceTree = "<group>";
		};
/* End PBXGroup section */

/* Begin PBXNativeTarget section */
		227D5BF520E5643500635BA2 /* HTMLFastParseDemoTests */ = {
			isa = PBXNativeTarget;
			buildConfigurationList = 227D5BFF20E5643500635BA2 /* Build configuration list for PBXNativeTarget "HTMLFastParseDemoTests" */;
			buildPhases = (
				227D5BF220E5643500635BA2 /* Sources */,
				227D5BF320E5643500635BA2 /* Frameworks */,
				227D5BF420E5643500635BA2 /* Resources */,
			);
			buildRules = (
			);
			dependencies = (
				227D5BFC20E5643500635BA2 /* PBXTargetDependency */,
			);
			name = HTMLFastParseDemoTests;
			productName = HTMLFastParseTests;
			productReference = 227D5BF620E5643500635BA2 /* HTMLFastParseDemoTests.xctest */;
			productType = "com.apple.product-type.bundle.unit-test";
		};
		22C2551120E5A1260021BF7B /* HTMLFastParseDemoFuzzingCli */ = {
			isa = PBXNativeTarget;
			buildConfigurationList = 22C2551620E5A1260021BF7B /* Build configuration list for PBXNativeTarget "HTMLFastParseDemoFuzzingCli" */;
			buildPhases = (
				22C2550E20E5A1260021BF7B /* Sources */,
				22C2550F20E5A1260021BF7B /* Frameworks */,
				22C2551020E5A1260021BF7B /* CopyFiles */,
			);
			buildRules = (
			);
			dependencies = (
			);
			name = HTMLFastParseDemoFuzzingCli;
			productName = HTMLFastParseFuzzingCli;
			productReference = 22C2551220E5A1260021BF7B /* HTMLFastParseDemoFuzzingCli */;
			productType = "com.apple.product-type.tool";
		};
		22C763C62093CD1B005B6E23 /* HTMLFastParseDemo */ = {
			isa = PBXNativeTarget;
			buildConfigurationList = 22C763DD2093CD1B005B6E23 /* Build configuration list for PBXNativeTarget "HTMLFastParseDemo" */;
			buildPhases = (
				22C763C32093CD1B005B6E23 /* Sources */,
				22C763C42093CD1B005B6E23 /* Frameworks */,
				22C763C52093CD1B005B6E23 /* Resources */,
			);
			buildRules = (
			);
			dependencies = (
			);
			name = HTMLFastParseDemo;
			productName = HTMLFastParse;
			productReference = 22C763C72093CD1B005B6E23 /* HTMLFastParseDemo.app */;
			productType = "com.apple.product-type.application";
		};
/* End PBXNativeTarget section */

/* Begin PBXProject section */
		22C763BF2093CD1B005B6E23 /* Project object */ = {
			isa = PBXProject;
			attributes = {
				LastUpgradeCheck = 0930;
				ORGANIZATIONNAME = CarbonDev;
				TargetAttributes = {
					227D5BF520E5643500635BA2 = {
						CreatedOnToolsVersion = 10.0;
						TestTargetID = 22C763C62093CD1B005B6E23;
					};
					22C2551120E5A1260021BF7B = {
						CreatedOnToolsVersion = 10.0;
					};
					22C763C62093CD1B005B6E23 = {
						CreatedOnToolsVersion = 9.3;
					};
				};
			};
			buildConfigurationList = 22C763C22093CD1B005B6E23 /* Build configuration list for PBXProject "HTMLFastParseDemo" */;
			compatibilityVersion = "Xcode 9.3";
			developmentRegion = en;
			hasScannedForEncodings = 0;
			knownRegions = (
				en,
				Base,
			);
			mainGroup = 22C763BE2093CD1B005B6E23;
			productRefGroup = 22C763C82093CD1B005B6E23 /* Products */;
			projectDirPath = "";
			projectRoot = "";
			targets = (
				22C763C62093CD1B005B6E23 /* HTMLFastParseDemo */,
				227D5BF520E5643500635BA2 /* HTMLFastParseDemoTests */,
				22C2551120E5A1260021BF7B /* HTMLFastParseDemoFuzzingCli */,
			);
		};
/* End PBXProject section */

/* Begin PBXResourcesBuildPhase section */
		227D5BF420E5643500635BA2 /* Resources */ = {
			isa = PBXResourcesBuildPhase;
			buildActionMask = 2147483647;
			files = (
				22C2550720E56BAD0021BF7B /* AnswerData.plist in Resources */,
				22C2552220E7380F0021BF7B /* non_utf8_fuzzer_crash.txt in Resources */,
				227D5C0120E5648200635BA2 /* TestData.plist in Resources */,
				22C2550D20E59EFB0021BF7B /* 2MB_dev_random.txt in Resources */,
			);
			runOnlyForDeploymentPostprocessing = 0;
		};
		22C763C52093CD1B005B6E23 /* Resources */ = {
			isa = PBXResourcesBuildPhase;
			buildActionMask = 2147483647;
			files = (
				22C763D72093CD1B005B6E23 /* LaunchScreen.storyboard in Resources */,
				22C763D42093CD1B005B6E23 /* Assets.xcassets in Resources */,
				22B9C5EB24848A3C007CAD42 /* README.md in Resources */,
				22C763D22093CD1B005B6E23 /* Main.storyboard in Resources */,
			);
			runOnlyForDeploymentPostprocessing = 0;
		};
/* End PBXResourcesBuildPhase section */

/* Begin PBXSourcesBuildPhase section */
		227D5BF220E5643500635BA2 /* Sources */ = {
			isa = PBXSourcesBuildPhase;
			buildActionMask = 2147483647;
			files = (
				227D5BF920E5643500635BA2 /* HTMLFastParseTests.m in Sources */,
			);
			runOnlyForDeploymentPostprocessing = 0;
		};
		22C2550E20E5A1260021BF7B /* Sources */ = {
			isa = PBXSourcesBuildPhase;
			buildActionMask = 2147483647;
			files = (
				22C2551B20E5A1620021BF7B /* FormatToAttributedStringMacOS.m in Sources */,
				22C2551520E5A1260021BF7B /* main.m in Sources */,
				22C2551C20E5A2610021BF7B /* entities.c in Sources */,
				22C2551D20E5A2610021BF7B /* C_HTML_Parser.c in Sources */,
				22C2551E20E5A2610021BF7B /* Stack.c in Sources */,
			);
			runOnlyForDeploymentPostprocessing = 0;
		};
		22C763C32093CD1B005B6E23 /* Sources */ = {
			isa = PBXSourcesBuildPhase;
			buildActionMask = 2147483647;
			files = (
				22FC446F20952D6E0044980B /* entities.c in Sources */,
				22C763CF2093CD1B005B6E23 /* ViewController.m in Sources */,
				22FC446C2094E2E20044980B /* FormatToAttributedString.m in Sources */,
				22C763DA2093CD1B005B6E23 /* main.m in Sources */,
				22C763F22093E5FF005B6E23 /* C_HTML_Parser.c in Sources */,
				22C763E52093D488005B6E23 /* Stack.c in Sources */,
				22C763CC2093CD1B005B6E23 /* AppDelegate.m in Sources */,
			);
			runOnlyForDeploymentPostprocessing = 0;
		};
/* End PBXSourcesBuildPhase section */

/* Begin PBXTargetDependency section */
		227D5BFC20E5643500635BA2 /* PBXTargetDependency */ = {
			isa = PBXTargetDependency;
			target = 22C763C62093CD1B005B6E23 /* HTMLFastParseDemo */;
			targetProxy = 227D5BFB20E5643500635BA2 /* PBXContainerItemProxy */;
		};
/* End PBXTargetDependency section */

/* Begin PBXVariantGroup section */
		22C763D02093CD1B005B6E23 /* Main.storyboard */ = {
			isa = PBXVariantGroup;
			children = (
				22C763D12093CD1B005B6E23 /* Base */,
			);
			name = Main.storyboard;
			sourceTree = "<group>";
		};
		22C763D52093CD1B005B6E23 /* LaunchScreen.storyboard */ = {
			isa = PBXVariantGroup;
			children = (
				22C763D62093CD1B005B6E23 /* Base */,
			);
			name = LaunchScreen.storyboard;
			sourceTree = "<group>";
		};
/* End PBXVariantGroup section */

/* Begin XCBuildConfiguration section */
		227D5BFD20E5643500635BA2 /* Debug */ = {
			isa = XCBuildConfiguration;
			buildSettings = {
				BUNDLE_LOADER = "$(TEST_HOST)";
				CODE_SIGN_STYLE = Automatic;
				DEVELOPMENT_TEAM = XBKLZPN8YT;
				INFOPLIST_FILE = HTMLFastParseTests/Info.plist;
				IPHONEOS_DEPLOYMENT_TARGET = 12.0;
				LD_RUNPATH_SEARCH_PATHS = (
					"$(inherited)",
					"@executable_path/Frameworks",
					"@loader_path/Frameworks",
				);
				MTL_ENABLE_DEBUG_INFO = INCLUDE_SOURCE;
				PRODUCT_BUNDLE_IDENTIFIER = com.CarbonDev.HTMLFastParseTests;
				PRODUCT_NAME = "$(TARGET_NAME)";
				TARGETED_DEVICE_FAMILY = "1,2";
				TEST_HOST = "$(BUILT_PRODUCTS_DIR)/HTMLFastParseDemo.app/HTMLFastParseDemo";
			};
			name = Debug;
		};
		227D5BFE20E5643500635BA2 /* Release */ = {
			isa = XCBuildConfiguration;
			buildSettings = {
				BUNDLE_LOADER = "$(TEST_HOST)";
				CODE_SIGN_STYLE = Automatic;
				DEVELOPMENT_TEAM = XBKLZPN8YT;
				INFOPLIST_FILE = HTMLFastParseTests/Info.plist;
				IPHONEOS_DEPLOYMENT_TARGET = 12.0;
				LD_RUNPATH_SEARCH_PATHS = (
					"$(inherited)",
					"@executable_path/Frameworks",
					"@loader_path/Frameworks",
				);
				PRODUCT_BUNDLE_IDENTIFIER = com.CarbonDev.HTMLFastParseTests;
				PRODUCT_NAME = "$(TARGET_NAME)";
				TARGETED_DEVICE_FAMILY = "1,2";
				TEST_HOST = "$(BUILT_PRODUCTS_DIR)/HTMLFastParseDemo.app/HTMLFastParseDemo";
			};
			name = Release;
		};
		22C2551720E5A1260021BF7B /* Debug */ = {
			isa = XCBuildConfiguration;
			buildSettings = {
				CODE_SIGN_IDENTITY = "Mac Developer";
				CODE_SIGN_STYLE = Automatic;
				DEVELOPMENT_TEAM = XBKLZPN8YT;
				GCC_OPTIMIZATION_LEVEL = 0;
				GCC_VERSION = "";
				MACOSX_DEPLOYMENT_TARGET = 10.13;
				MTL_ENABLE_DEBUG_INFO = INCLUDE_SOURCE;
				PRODUCT_NAME = "$(TARGET_NAME)";
				SDKROOT = macosx;
			};
			name = Debug;
		};
		22C2551820E5A1260021BF7B /* Release */ = {
			isa = XCBuildConfiguration;
			buildSettings = {
				CODE_SIGN_IDENTITY = "Mac Developer";
				CODE_SIGN_STYLE = Automatic;
				DEVELOPMENT_TEAM = XBKLZPN8YT;
				GCC_VERSION = "";
				MACOSX_DEPLOYMENT_TARGET = 10.13;
				PRODUCT_NAME = "$(TARGET_NAME)";
				SDKROOT = macosx;
			};
			name = Release;
		};
		22C763DB2093CD1B005B6E23 /* Debug */ = {
			isa = XCBuildConfiguration;
			buildSettings = {
				ALWAYS_SEARCH_USER_PATHS = NO;
				CLANG_ANALYZER_NONNULL = YES;
				CLANG_ANALYZER_NUMBER_OBJECT_CONVERSION = YES_AGGRESSIVE;
				CLANG_CXX_LANGUAGE_STANDARD = "gnu++14";
				CLANG_CXX_LIBRARY = "libc++";
				CLANG_ENABLE_MODULES = YES;
				CLANG_ENABLE_OBJC_ARC = YES;
				CLANG_ENABLE_OBJC_WEAK = YES;
				CLANG_WARN_BLOCK_CAPTURE_AUTORELEASING = YES;
				CLANG_WARN_BOOL_CONVERSION = YES;
				CLANG_WARN_COMMA = YES;
				CLANG_WARN_CONSTANT_CONVERSION = YES;
				CLANG_WARN_DEPRECATED_OBJC_IMPLEMENTATIONS = YES;
				CLANG_WARN_DIRECT_OBJC_ISA_USAGE = YES_ERROR;
				CLANG_WARN_DOCUMENTATION_COMMENTS = YES;
				CLANG_WARN_EMPTY_BODY = YES;
				CLANG_WARN_ENUM_CONVERSION = YES;
				CLANG_WARN_INFINITE_RECURSION = YES;
				CLANG_WARN_INT_CONVERSION = YES;
				CLANG_WARN_NON_LITERAL_NULL_CONVERSION = YES;
				CLANG_WARN_OBJC_IMPLICIT_RETAIN_SELF = YES;
				CLANG_WARN_OBJC_LITERAL_CONVERSION = YES;
				CLANG_WARN_OBJC_ROOT_CLASS = YES_ERROR;
				CLANG_WARN_RANGE_LOOP_ANALYSIS = YES;
				CLANG_WARN_STRICT_PROTOTYPES = YES;
				CLANG_WARN_SUSPICIOUS_MOVE = YES;
				CLANG_WARN_UNGUARDED_AVAILABILITY = YES_AGGRESSIVE;
				CLANG_WARN_UNREACHABLE_CODE = YES;
				CLANG_WARN__DUPLICATE_METHOD_MATCH = YES;
				CODE_SIGN_IDENTITY = "iPhone Developer";
				COPY_PHASE_STRIP = NO;
				DEBUG_INFORMATION_FORMAT = dwarf;
				ENABLE_STRICT_OBJC_MSGSEND = YES;
				ENABLE_TESTABILITY = YES;
				GCC_C_LANGUAGE_STANDARD = gnu11;
				GCC_DYNAMIC_NO_PIC = NO;
				GCC_NO_COMMON_BLOCKS = YES;
				GCC_OPTIMIZATION_LEVEL = 0;
				GCC_PREPROCESSOR_DEFINITIONS = (
					"DEBUG=1",
					"$(inherited)",
				);
				GCC_WARN_64_TO_32_BIT_CONVERSION = YES;
				GCC_WARN_ABOUT_RETURN_TYPE = YES_ERROR;
				GCC_WARN_UNDECLARED_SELECTOR = YES;
				GCC_WARN_UNINITIALIZED_AUTOS = YES_AGGRESSIVE;
				GCC_WARN_UNUSED_FUNCTION = YES;
				GCC_WARN_UNUSED_VARIABLE = YES;
				IPHONEOS_DEPLOYMENT_TARGET = 11.3;
				MTL_ENABLE_DEBUG_INFO = YES;
				ONLY_ACTIVE_ARCH = YES;
				SDKROOT = iphoneos;
			};
			name = Debug;
		};
		22C763DC2093CD1B005B6E23 /* Release */ = {
			isa = XCBuildConfiguration;
			buildSettings = {
				ALWAYS_SEARCH_USER_PATHS = NO;
				CLANG_ANALYZER_NONNULL = YES;
				CLANG_ANALYZER_NUMBER_OBJECT_CONVERSION = YES_AGGRESSIVE;
				CLANG_CXX_LANGUAGE_STANDARD = "gnu++14";
				CLANG_CXX_LIBRARY = "libc++";
				CLANG_ENABLE_MODULES = YES;
				CLANG_ENABLE_OBJC_ARC = YES;
				CLANG_ENABLE_OBJC_WEAK = YES;
				CLANG_WARN_BLOCK_CAPTURE_AUTORELEASING = YES;
				CLANG_WARN_BOOL_CONVERSION = YES;
				CLANG_WARN_COMMA = YES;
				CLANG_WARN_CONSTANT_CONVERSION = YES;
				CLANG_WARN_DEPRECATED_OBJC_IMPLEMENTATIONS = YES;
				CLANG_WARN_DIRECT_OBJC_ISA_USAGE = YES_ERROR;
				CLANG_WARN_DOCUMENTATION_COMMENTS = YES;
				CLANG_WARN_EMPTY_BODY = YES;
				CLANG_WARN_ENUM_CONVERSION = YES;
				CLANG_WARN_INFINITE_RECURSION = YES;
				CLANG_WARN_INT_CONVERSION = YES;
				CLANG_WARN_NON_LITERAL_NULL_CONVERSION = YES;
				CLANG_WARN_OBJC_IMPLICIT_RETAIN_SELF = YES;
				CLANG_WARN_OBJC_LITERAL_CONVERSION = YES;
				CLANG_WARN_OBJC_ROOT_CLASS = YES_ERROR;
				CLANG_WARN_RANGE_LOOP_ANALYSIS = YES;
				CLANG_WARN_STRICT_PROTOTYPES = YES;
				CLANG_WARN_SUSPICIOUS_MOVE = YES;
				CLANG_WARN_UNGUARDED_AVAILABILITY = YES_AGGRESSIVE;
				CLANG_WARN_UNREACHABLE_CODE = YES;
				CLANG_WARN__DUPLICATE_METHOD_MATCH = YES;
				CODE_SIGN_IDENTITY = "iPhone Developer";
				COPY_PHASE_STRIP = NO;
				DEBUG_INFORMATION_FORMAT = "dwarf-with-dsym";
				ENABLE_NS_ASSERTIONS = NO;
				ENABLE_STRICT_OBJC_MSGSEND = YES;
				GCC_C_LANGUAGE_STANDARD = gnu11;
				GCC_NO_COMMON_BLOCKS = YES;
				GCC_WARN_64_TO_32_BIT_CONVERSION = YES;
				GCC_WARN_ABOUT_RETURN_TYPE = YES_ERROR;
				GCC_WARN_UNDECLARED_SELECTOR = YES;
				GCC_WARN_UNINITIALIZED_AUTOS = YES_AGGRESSIVE;
				GCC_WARN_UNUSED_FUNCTION = YES;
				GCC_WARN_UNUSED_VARIABLE = YES;
				IPHONEOS_DEPLOYMENT_TARGET = 11.3;
				MTL_ENABLE_DEBUG_INFO = NO;
				SDKROOT = iphoneos;
				VALIDATE_PRODUCT = YES;
			};
			name = Release;
		};
		22C763DE2093CD1B005B6E23 /* Debug */ = {
			isa = XCBuildConfiguration;
			buildSettings = {
				ASSETCATALOG_COMPILER_APPICON_NAME = AppIcon;
				CODE_SIGN_STYLE = Automatic;
				DEVELOPMENT_TEAM = XBKLZPN8YT;
				GCC_OPTIMIZATION_LEVEL = 0;
				INFOPLIST_FILE = HTMLFastParseDemo/Info.plist;
				IPHONEOS_DEPLOYMENT_TARGET = 11.0;
				LD_RUNPATH_SEARCH_PATHS = (
					"$(inherited)",
					"@executable_path/Frameworks",
				);
				PRODUCT_BUNDLE_IDENTIFIER = com.CarbonDev.HTMLFastParse;
				PRODUCT_NAME = "$(TARGET_NAME)";
				TARGETED_DEVICE_FAMILY = "1,2";
			};
			name = Debug;
		};
		22C763DF2093CD1B005B6E23 /* Release */ = {
			isa = XCBuildConfiguration;
			buildSettings = {
				ASSETCATALOG_COMPILER_APPICON_NAME = AppIcon;
				CODE_SIGN_STYLE = Automatic;
				DEVELOPMENT_TEAM = XBKLZPN8YT;
				INFOPLIST_FILE = HTMLFastParseDemo/Info.plist;
				IPHONEOS_DEPLOYMENT_TARGET = 11.0;
				LD_RUNPATH_SEARCH_PATHS = (
					"$(inherited)",
					"@executable_path/Frameworks",
				);
				PRODUCT_BUNDLE_IDENTIFIER = com.CarbonDev.HTMLFastParse;
				PRODUCT_NAME = "$(TARGET_NAME)";
				TARGETED_DEVICE_FAMILY = "1,2";
			};
			name = Release;
		};
/* End XCBuildConfiguration section */

/* Begin XCConfigurationList section */
		227D5BFF20E5643500635BA2 /* Build configuration list for PBXNativeTarget "HTMLFastParseDemoTests" */ = {
			isa = XCConfigurationList;
			buildConfigurations = (
				227D5BFD20E5643500635BA2 /* Debug */,
				227D5BFE20E5643500635BA2 /* Release */,
			);
			defaultConfigurationIsVisible = 0;
			defaultConfigurationName = Release;
		};
		22C2551620E5A1260021BF7B /* Build configuration list for PBXNativeTarget "HTMLFastParseDemoFuzzingCli" */ = {
			isa = XCConfigurationList;
			buildConfigurations = (
				22C2551720E5A1260021BF7B /* Debug */,
				22C2551820E5A1260021BF7B /* Release */,
			);
			defaultConfigurationIsVisible = 0;
			defaultConfigurationName = Release;
		};
		22C763C22093CD1B005B6E23 /* Build configuration list for PBXProject "HTMLFastParseDemo" */ = {
			isa = XCConfigurationList;
			buildConfigurations = (
				22C763DB2093CD1B005B6E23 /* Debug */,
				22C763DC2093CD1B005B6E23 /* Release */,
			);
			defaultConfigurationIsVisible = 0;
			defaultConfigurationName = Release;
		};
		22C763DD2093CD1B005B6E23 /* Build configuration list for PBXNativeTarget "HTMLFastParseDemo" */ = {
			isa = XCConfigurationList;
			buildConfigurations = (
				22C763DE2093CD1B005B6E23 /* Debug */,
				22C763DF2093CD1B005B6E23 /* Release */,
			);
			defaultConfigurationIsVisible = 0;
			defaultConfigurationName = Release;
		};
/* End XCConfigurationList section */
	};
	rootObject = 22C763BF2093CD1B005B6E23 /* Project object */;
}
